
Microsoft Visual Studio Solution File, Format Version 12.00
# Visual Studio Version 16
VisualStudioVersion = 16.0.31729.503
MinimumVisualStudioVersion = 10.0.40219.1
Project("{FAE04EC0-301F-11D3-BF4B-00C04F79EFBC}") = "3D Matching", "3D Matching\3D Matching.csproj", "{F4D1B22A-A8AA-4C86-BB36-9047FA1C3394}"
EndProject
Global
	GlobalSection(SolutionConfigurationPlatforms) = preSolution
		Debug|Any CPU = Debug|Any CPU
		Release|Any CPU = Release|Any CPU
	EndGlobalSection
	GlobalSection(ProjectConfigurationPlatforms) = postSolution
		{F4D1B22A-A8AA-4C86-BB36-9047FA1C3394}.Debug|Any CPU.ActiveCfg = Debug|Any CPU
		{F4D1B22A-A8AA-4C86-BB36-9047FA1C3394}.Debug|Any CPU.Build.0 = Debug|Any CPU
		{F4D1B22A-A8AA-4C86-BB36-9047FA1C3394}.Release|Any CPU.ActiveCfg = Release|Any CPU
		{F4D1B22A-A8AA-4C86-BB36-9047FA1C3394}.Release|Any CPU.Build.0 = Release|Any CPU
	EndGlobalSection
	GlobalSection(SolutionProperties) = preSolution
		HideSolutionNode = FALSE
	EndGlobalSection
	GlobalSection(ExtensibilityGlobals) = postSolution
		SolutionGuid = {92B42324-7C50-4CB5-A2BB-5E148BD54BEB}
	EndGlobalSection
EndGlobal
